{
  "version": 4,
  "terraform_version": "1.9.2",
  "serial": 23,
  "lineage": "f0167e5d-f848-641c-cc35-956730163b05",
  "outputs": {},
  "resources": [
    {
      "module": "module.app_service",
      "mode": "managed",
      "type": "azurerm_app_service",
      "name": "test",
      "provider": "provider[\"registry.terraform.io/hashicorp/azurerm\"]",
      "instances": [
        {
          "schema_version": 0,
          "attributes": {
            "app_service_plan_id": "/subscriptions/c6b49f87-b44b-4f50-9328-64efe17053d2/resourceGroups/Lesson1/providers/Microsoft.Web/serverFarms/myApplication3-AppService-ourobadiou",
            "app_settings": {
              "WEBSITE_RUN_FROM_PACKAGE": "0"
            },
            "auth_settings": [
              {
                "active_directory": [],
                "additional_login_params": {},
                "allowed_external_redirect_urls": [],
                "default_provider": "",
                "enabled": false,
                "facebook": [],
                "google": [],
                "issuer": "",
                "microsoft": [],
                "runtime_version": "",
                "token_refresh_extension_hours": 0,
                "token_store_enabled": false,
                "twitter": [],
                "unauthenticated_client_action": ""
              }
            ],
            "backup": [],
            "client_affinity_enabled": false,
            "client_cert_enabled": false,
            "client_cert_mode": "Required",
            "connection_string": [],
            "custom_domain_verification_id": "F0FB95D343993ABADB95C7B66A9C94BC5266F6CC67F5D85EA56B8E1FA32EFB03",
            "default_site_hostname": "myapplication3-appservice-ourobadiou.azurewebsites.net",
            "enabled": true,
            "https_only": false,
            "id": "/subscriptions/c6b49f87-b44b-4f50-9328-64efe17053d2/resourceGroups/Lesson1/providers/Microsoft.Web/sites/myApplication3-AppService-ourobadiou",
            "identity": [],
            "key_vault_reference_identity_id": "SystemAssigned",
            "location": "eastus2",
            "logs": [
              {
                "application_logs": [
                  {
                    "azure_blob_storage": [],
                    "file_system_level": "Off"
                  }
                ],
                "detailed_error_messages_enabled": false,
                "failed_request_tracing_enabled": false,
                "http_logs": [
                  {
                    "azure_blob_storage": [],
                    "file_system": []
                  }
                ]
              }
            ],
            "name": "myApplication3-AppService-ourobadiou",
            "outbound_ip_address_list": [
              "20.72.124.90",
              "20.72.126.12",
              "20.72.126.28",
              "20.72.126.59",
              "20.72.126.67",
              "20.72.126.68",
              "4.153.125.214",
              "4.153.125.223",
              "4.153.125.228",
              "4.153.125.230",
              "4.153.125.243",
              "4.153.126.19",
              "20.119.144.0"
            ],
            "outbound_ip_addresses": "20.72.124.90,20.72.126.12,20.72.126.28,20.72.126.59,20.72.126.67,20.72.126.68,4.153.125.214,4.153.125.223,4.153.125.228,4.153.125.230,4.153.125.243,4.153.126.19,20.119.144.0",
            "possible_outbound_ip_address_list": [
              "20.72.124.90",
              "20.72.126.12",
              "20.72.126.28",
              "20.72.126.59",
              "20.72.126.67",
              "20.72.126.68",
              "4.153.125.214",
              "4.153.125.223",
              "4.153.125.228",
              "4.153.125.230",
              "4.153.125.243",
              "4.153.126.19",
              "20.72.126.84",
              "20.72.126.87",
              "20.72.126.113",
              "20.72.126.138",
              "20.72.126.211",
              "20.72.126.226",
              "20.72.126.228",
              "20.72.126.240",
              "20.72.126.242",
              "20.72.126.254",
              "20.72.127.32",
              "20.72.127.37",
              "20.72.127.46",
              "20.72.127.72",
              "20.72.127.81",
              "20.72.127.84",
              "20.72.127.163",
              "20.72.127.164",
              "4.153.125.214",
              "4.153.125.223",
              "4.153.125.228",
              "4.153.125.230",
              "4.153.125.243",
              "4.153.126.19",
              "20.72.127.166",
              "20.72.127.186",
              "20.72.127.191",
              "20.72.127.193",
              "20.72.127.197",
              "20.72.127.207",
              "20.119.144.0"
            ],
            "possible_outbound_ip_addresses": "20.72.124.90,20.72.126.12,20.72.126.28,20.72.126.59,20.72.126.67,20.72.126.68,4.153.125.214,4.153.125.223,4.153.125.228,4.153.125.230,4.153.125.243,4.153.126.19,20.72.126.84,20.72.126.87,20.72.126.113,20.72.126.138,20.72.126.211,20.72.126.226,20.72.126.228,20.72.126.240,20.72.126.242,20.72.126.254,20.72.127.32,20.72.127.37,20.72.127.46,20.72.127.72,20.72.127.81,20.72.127.84,20.72.127.163,20.72.127.164,4.153.125.214,4.153.125.223,4.153.125.228,4.153.125.230,4.153.125.243,4.153.126.19,20.72.127.166,20.72.127.186,20.72.127.191,20.72.127.193,20.72.127.197,20.72.127.207,20.119.144.0",
            "resource_group_name": "Lesson1",
            "site_config": [
              {
                "acr_use_managed_identity_credentials": false,
                "acr_user_managed_identity_client_id": "",
                "always_on": false,
                "app_command_line": "",
                "auto_swap_slot_name": "",
                "cors": [],
                "default_documents": [
                  "Default.htm",
                  "Default.html",
                  "Default.asp",
                  "index.htm",
                  "index.html",
                  "iisstart.htm",
                  "default.aspx",
                  "index.php",
                  "hostingstart.html"
                ],
                "dotnet_framework_version": "v4.0",
                "ftps_state": "FtpsOnly",
                "health_check_path": "",
                "http2_enabled": false,
                "ip_restriction": [],
                "java_container": "",
                "java_container_version": "",
                "java_version": "",
                "linux_fx_version": "",
                "local_mysql_enabled": false,
                "managed_pipeline_mode": "Integrated",
                "min_tls_version": "1.2",
                "number_of_workers": 1,
                "php_version": "5.6",
                "python_version": "",
                "remote_debugging_enabled": false,
                "remote_debugging_version": "",
                "scm_ip_restriction": [],
                "scm_type": "None",
                "scm_use_main_ip_restriction": false,
                "use_32_bit_worker_process": true,
                "vnet_route_all_enabled": false,
                "websockets_enabled": false,
                "windows_fx_version": ""
              }
            ],
            "site_credential": [
              {
                "password": "qdp09ZdN9G1DgXMQPytcTApooaQlg3zjcQp9694Cf7Qyc1jyAnh4tM2P5XjA",
                "username": "$myApplication3-AppService-ourobadiou"
              }
            ],
            "source_control": [
              {
                "branch": "main",
                "manual_integration": false,
                "repo_url": "",
                "rollback_enabled": false,
                "use_mercurial": false
              }
            ],
            "storage_account": [],
            "tags": {
              "department": "IT",
              "environment": "test"
            },
            "timeouts": null
          },
          "sensitive_attributes": [],
          "private": "eyJlMmJmYjczMC1lY2FhLTExZTYtOGY4OC0zNDM2M2JjN2M0YzAiOnsiY3JlYXRlIjoxODAwMDAwMDAwMDAwLCJkZWxldGUiOjE4MDAwMDAwMDAwMDAsInJlYWQiOjMwMDAwMDAwMDAwMCwidXBkYXRlIjoxODAwMDAwMDAwMDAwfX0=",
          "dependencies": [
            "module.app_service.azurerm_app_service_plan.test",
            "module.resource_group.azurerm_resource_group.test"
          ]
        }
      ]
    },
    {
      "module": "module.app_service",
      "mode": "managed",
      "type": "azurerm_app_service_plan",
      "name": "test",
      "provider": "provider[\"registry.terraform.io/hashicorp/azurerm\"]",
      "instances": [
        {
          "schema_version": 1,
          "attributes": {
            "app_service_environment_id": "",
            "id": "/subscriptions/c6b49f87-b44b-4f50-9328-64efe17053d2/resourceGroups/Lesson1/providers/Microsoft.Web/serverFarms/myApplication3-AppService-ourobadiou",
            "is_xenon": false,
            "kind": "Windows",
            "location": "eastus2",
            "maximum_elastic_worker_count": 1,
            "maximum_number_of_workers": 1,
            "name": "myApplication3-AppService-ourobadiou",
            "per_site_scaling": false,
            "reserved": false,
            "resource_group_name": "Lesson1",
            "sku": [
              {
                "capacity": 0,
                "size": "F1",
                "tier": "Free"
              }
            ],
            "tags": null,
            "timeouts": null,
            "zone_redundant": false
          },
          "sensitive_attributes": [],
          "private": "eyJlMmJmYjczMC1lY2FhLTExZTYtOGY4OC0zNDM2M2JjN2M0YzAiOnsiY3JlYXRlIjozNjAwMDAwMDAwMDAwLCJkZWxldGUiOjM2MDAwMDAwMDAwMDAsInJlYWQiOjMwMDAwMDAwMDAwMCwidXBkYXRlIjozNjAwMDAwMDAwMDAwfSwic2NoZW1hX3ZlcnNpb24iOiIxIn0=",
          "dependencies": [
            "module.resource_group.azurerm_resource_group.test"
          ]
        }
      ]
    },
    {
      "module": "module.resource_group",
      "mode": "managed",
      "type": "azurerm_resource_group",
      "name": "test",
      "provider": "provider[\"registry.terraform.io/hashicorp/azurerm\"]",
      "instances": [
        {
          "schema_version": 0,
          "attributes": {
            "id": "/subscriptions/c6b49f87-b44b-4f50-9328-64efe17053d2/resourceGroups/Lesson1",
            "location": "eastus2",
            "managed_by": "",
            "name": "Lesson1",
            "tags": {},
            "timeouts": null
          },
          "sensitive_attributes": [],
          "private": "eyJlMmJmYjczMC1lY2FhLTExZTYtOGY4OC0zNDM2M2JjN2M0YzAiOnsiY3JlYXRlIjo1NDAwMDAwMDAwMDAwLCJkZWxldGUiOjU0MDAwMDAwMDAwMDAsInJlYWQiOjMwMDAwMDAwMDAwMCwidXBkYXRlIjo1NDAwMDAwMDAwMDAwfX0="
        }
      ]
    }
  ],
  "check_results": null
}
